
Microsoft Visual Studio Solution File, Format Version 12.00
# Visual Studio 15
VisualStudioVersion = 15.0.28010.2048
MinimumVisualStudioVersion = 10.0.40219.1
Project("{FAE04EC0-301F-11D3-BF4B-00C04F79EFBC}") = "RequestLogger", "RequestLogger\RequestLogger.csproj", "{3CB14935-3051-4D89-B722-63E64A9C679B}"
EndProject
Project("{FAE04EC0-301F-11D3-BF4B-00C04F79EFBC}") = "TestUI", "TestUI\TestUI.csproj", "{6E8E8C14-09B2-4095-9EF6-D30FB3822129}"
EndProject
Global
	GlobalSection(SolutionConfigurationPlatforms) = preSolution
		Debug|Any CPU = Debug|Any CPU
		Release|Any CPU = Release|Any CPU
	EndGlobalSection
	GlobalSection(ProjectConfigurationPlatforms) = postSolution
		{3CB14935-3051-4D89-B722-63E64A9C679B}.Debug|Any CPU.ActiveCfg = Debug|Any CPU
		{3CB14935-3051-4D89-B722-63E64A9C679B}.Debug|Any CPU.Build.0 = Debug|Any CPU
		{3CB14935-3051-4D89-B722-63E64A9C679B}.Release|Any CPU.ActiveCfg = Release|Any CPU
		{3CB14935-3051-4D89-B722-63E64A9C679B}.Release|Any CPU.Build.0 = Release|Any CPU
		{6E8E8C14-09B2-4095-9EF6-D30FB3822129}.Debug|Any CPU.ActiveCfg = Debug|Any CPU
		{6E8E8C14-09B2-4095-9EF6-D30FB3822129}.Debug|Any CPU.Build.0 = Debug|Any CPU
		{6E8E8C14-09B2-4095-9EF6-D30FB3822129}.Release|Any CPU.ActiveCfg = Release|Any CPU
		{6E8E8C14-09B2-4095-9EF6-D30FB3822129}.Release|Any CPU.Build.0 = Release|Any CPU
	EndGlobalSection
	GlobalSection(SolutionProperties) = preSolution
		HideSolutionNode = FALSE
	EndGlobalSection
	GlobalSection(ExtensibilityGlobals) = postSolution
		SolutionGuid = {D4B63BAB-F9F7-4BB5-A79B-2C218E900D17}
	EndGlobalSection
	GlobalSection(TeamFoundationVersionControl) = preSolution
		SccNumberOfProjects = 3
		SccEnterpriseProvider = {4CA58AB2-18FA-4F8D-95D4-32DDF27D184C}
		SccTeamFoundationServer = http://source-ctrl:8080/tfs/defaultcollection
		SccLocalPath0 = .
		SccProjectUniqueName1 = RequestLogger\\RequestLogger.csproj
		SccProjectName1 = RequestLogger
		SccLocalPath1 = RequestLogger
		SccProjectUniqueName2 = TestUI\\TestUI.csproj
		SccProjectName2 = TestUI
		SccLocalPath2 = TestUI
	EndGlobalSection
EndGlobal
